{
  "name": "eth-logs-downloader",
  "version": "1.0.0",
  "lockfileVersion": 3,
  "requires": true,
  "packages": {
    "": {
      "name": "eth-logs-downloader",
      "version": "1.0.0",
      "dependencies": {
        "@clickhouse/client": "^1.10.1",
        "@elysiajs/openapi": "^1.4.14",
        "@envio-dev/hypersync-client": "^1.1.0",
        "arkenv": "0.9.3",
        "arktype": "^2.2.0",
        "croner": "^10.0.1",
        "elysia": "^1.4.27",
        "elysia-logger": "^0.5.2",
        "elysia-rate-limit": "^4.5.0",
        "p-queue": "^9.1.0",
        "pino": "^10.3.1"
      },
      "devDependencies": {
        "@biomejs/biome": "^2.4.6",
        "@types/bun": "latest",
        "@typescript/native-preview": "^7.0.0-dev.20260306.1",
        "lefthook": "^2.1.2"
      }
    },
    "node_modules/@alloc/quick-lru": {
      "version": "5.2.0",
      "resolved": "https://registry.npmjs.org/@alloc/quick-lru/-/quick-lru-5.2.0.tgz",
      "integrity": "sha512-UrcABB+4bUrFABwbluTIBErXwvbsU/V7TZWfmbgJfbkwiBuziS9gxdODUyuiecfdGQ85jglMW6juS3+z5TsKLw==",
      "license": "MIT",
      "engines": {
        "node": ">=10"
      },
      "funding": {
        "url": "https://github.com/sponsors/sindresorhus"
      }
    },
    "node_modules/@ark/schema": {
      "version": "0.56.0",
      "resolved": "https://registry.npmjs.org/@ark/schema/-/schema-0.56.0.tgz",
      "integrity": "sha512-ECg3hox/6Z/nLajxXqNhgPtNdHWC9zNsDyskwO28WinoFEnWow4IsERNz9AnXRhTZJnYIlAJ4uGn3nlLk65vZA==",
      "license": "MIT",
      "dependencies": {
        "@ark/util": "0.56.0"
      }
    },
    "node_modules/@ark/util": {
      "version": "0.56.0",
      "resolved": "https://registry.npmjs.org/@ark/util/-/util-0.56.0.tgz",
      "integrity": "sha512-BghfRC8b9pNs3vBoDJhcta0/c1J1rsoS1+HgVUreMFPdhz/CRAKReAu57YEllNaSy98rWAdY1gE+gFup7OXpgA==",
      "license": "MIT"
    },
    "node_modules/@biomejs/biome": {
      "version": "2.4.6",
      "resolved": "https://registry.npmjs.org/@biomejs/biome/-/biome-2.4.6.tgz",
      "integrity": "sha512-QnHe81PMslpy3mnpL8DnO2M4S4ZnYPkjlGCLWBZT/3R9M6b5daArWMMtEfP52/n174RKnwRIf3oT8+wc9ihSfQ==",
      "dev": true,
      "license": "MIT OR Apache-2.0",
      "bin": {
        "biome": "bin/biome"
      },
      "engines": {
        "node": ">=14.21.3"
      },
      "funding": {
        "type": "opencollective",
        "url": "https://opencollective.com/biome"
      },
      "optionalDependencies": {
        "@biomejs/cli-darwin-arm64": "2.4.6",
        "@biomejs/cli-darwin-x64": "2.4.6",
        "@biomejs/cli-linux-arm64": "2.4.6",
        "@biomejs/cli-linux-arm64-musl": "2.4.6",
        "@biomejs/cli-linux-x64": "2.4.6",
        "@biomejs/cli-linux-x64-musl": "2.4.6",
        "@biomejs/cli-win32-arm64": "2.4.6",
        "@biomejs/cli-win32-x64": "2.4.6"
      }
    },
    "node_modules/@biomejs/cli-darwin-arm64": {
      "version": "2.4.6",
      "resolved": "https://registry.npmjs.org/@biomejs/cli-darwin-arm64/-/cli-darwin-arm64-2.4.6.tgz",
      "integrity": "sha512-NW18GSyxr+8sJIqgoGwVp5Zqm4SALH4b4gftIA0n62PTuBs6G2tHlwNAOj0Vq0KKSs7Sf88VjjmHh0O36EnzrQ==",
      "cpu": [
        "arm64"
      ],
      "dev": true,
      "license": "MIT OR Apache-2.0",
      "optional": true,
      "os": [
        "darwin"
      ],
      "engines": {
        "node": ">=14.21.3"
      }
    },
    "node_modules/@biomejs/cli-darwin-x64": {
      "version": "2.4.6",
      "resolved": "https://registry.npmjs.org/@biomejs/cli-darwin-x64/-/cli-darwin-x64-2.4.6.tgz",
      "integrity": "sha512-4uiE/9tuI7cnjtY9b07RgS7gGyYOAfIAGeVJWEfeCnAarOAS7qVmuRyX6d7JTKw28/mt+rUzMasYeZ+0R/U1Mw==",
      "cpu": [
        "x64"
      ],
      "dev": true,
      "license": "MIT OR Apache-2.0",
      "optional": true,
      "os": [
        "darwin"
      ],
      "engines": {
        "node": ">=14.21.3"
      }
    },
    "node_modules/@biomejs/cli-linux-arm64": {
      "version": "2.4.6",
      "resolved": "https://registry.npmjs.org/@biomejs/cli-linux-arm64/-/cli-linux-arm64-2.4.6.tgz",
      "integrity": "sha512-kMLaI7OF5GN1Q8Doymjro1P8rVEoy7BKQALNz6fiR8IC1WKduoNyteBtJlHT7ASIL0Cx2jR6VUOBIbcB1B8pew==",
      "cpu": [
        "arm64"
      ],
      "dev": true,
      "license": "MIT OR Apache-2.0",
      "optional": true,
      "os": [
        "linux"
      ],
      "engines": {
        "node": ">=14.21.3"
      }
    },
    "node_modules/@biomejs/cli-linux-arm64-musl": {
      "version": "2.4.6",
      "resolved": "https://registry.npmjs.org/@biomejs/cli-linux-arm64-musl/-/cli-linux-arm64-musl-2.4.6.tgz",
      "integrity": "sha512-F/JdB7eN22txiTqHM5KhIVt0jVkzZwVYrdTR1O3Y4auBOQcXxHK4dxULf4z43QyZI5tsnQJrRBHZy7wwtL+B3A==",
      "cpu": [
        "arm64"
      ],
      "dev": true,
      "license": "MIT OR Apache-2.0",
      "optional": true,
      "os": [
        "linux"
      ],
      "engines": {
        "node": ">=14.21.3"
      }
    },
    "node_modules/@biomejs/cli-linux-x64": {
      "version": "2.4.6",
      "resolved": "https://registry.npmjs.org/@biomejs/cli-linux-x64/-/cli-linux-x64-2.4.6.tgz",
      "integrity": "sha512-oHXmUFEoH8Lql1xfc3QkFLiC1hGR7qedv5eKNlC185or+o4/4HiaU7vYODAH3peRCfsuLr1g6v2fK9dFFOYdyw==",
      "cpu": [
        "x64"
      ],
      "dev": true,
      "license": "MIT OR Apache-2.0",
      "optional": true,
      "os": [
        "linux"
      ],
      "engines": {
        "node": ">=14.21.3"
      }
    },
    "node_modules/@biomejs/cli-linux-x64-musl": {
      "version": "2.4.6",
      "resolved": "https://registry.npmjs.org/@biomejs/cli-linux-x64-musl/-/cli-linux-x64-musl-2.4.6.tgz",
      "integrity": "sha512-C9s98IPDu7DYarjlZNuzJKTjVHN03RUnmHV5htvqsx6vEUXCDSJ59DNwjKVD5XYoSS4N+BYhq3RTBAL8X6svEg==",
      "cpu": [
        "x64"
      ],
      "dev": true,
      "license": "MIT OR Apache-2.0",
      "optional": true,
      "os": [
        "linux"
      ],
      "engines": {
        "node": ">=14.21.3"
      }
    },
    "node_modules/@biomejs/cli-win32-arm64": {
      "version": "2.4.6",
      "resolved": "https://registry.npmjs.org/@biomejs/cli-win32-arm64/-/cli-win32-arm64-2.4.6.tgz",
      "integrity": "sha512-xzThn87Pf3YrOGTEODFGONmqXpTwUNxovQb72iaUOdcw8sBSY3+3WD8Hm9IhMYLnPi0n32s3L3NWU6+eSjfqFg==",
      "cpu": [
        "arm64"
      ],
      "dev": true,
      "license": "MIT OR Apache-2.0",
      "optional": true,
      "os": [
        "win32"
      ],
      "engines": {
        "node": ">=14.21.3"
      }
    },
    "node_modules/@biomejs/cli-win32-x64": {
      "version": "2.4.6",
      "resolved": "https://registry.npmjs.org/@biomejs/cli-win32-x64/-/cli-win32-x64-2.4.6.tgz",
      "integrity": "sha512-7++XhnsPlr1HDbor5amovPjOH6vsrFOCdp93iKXhFn6bcMUI6soodj3WWKfgEO6JosKU1W5n3uky3WW9RlRjTg==",
      "cpu": [
        "x64"
      ],
      "dev": true,
      "license": "MIT OR Apache-2.0",
      "optional": true,
      "os": [
        "win32"
      ],
      "engines": {
        "node": ">=14.21.3"
      }
    },
    "node_modules/@borewit/text-codec": {
      "version": "0.2.1",
      "resolved": "https://registry.npmjs.org/@borewit/text-codec/-/text-codec-0.2.1.tgz",
      "integrity": "sha512-k7vvKPbf7J2fZ5klGRD9AeKfUvojuZIQ3BT5u7Jfv+puwXkUBUT5PVyMDfJZpy30CBDXGMgw7fguK/lpOMBvgw==",
      "license": "MIT",
      "peer": true,
      "funding": {
        "type": "github",
        "url": "https://github.com/sponsors/Borewit"
      }
    },
    "node_modules/@clickhouse/client": {
      "version": "1.18.1",
      "resolved": "https://registry.npmjs.org/@clickhouse/client/-/client-1.18.1.tgz",
      "integrity": "sha512-fO4QggCOSr0WBS9oGIFa83FUhbweP8VTFGOXF51DJQbR/oEXegdocNSma3Gp6F4Km9A1Xm1ZAhwrldtg3prPiQ==",
      "license": "Apache-2.0",
      "dependencies": {
        "@clickhouse/client-common": "1.18.1"
      },
      "engines": {
        "node": ">=16"
      }
    },
    "node_modules/@clickhouse/client-common": {
      "version": "1.18.1",
      "resolved": "https://registry.npmjs.org/@clickhouse/client-common/-/client-common-1.18.1.tgz",
      "integrity": "sha512-kDk8miGZVDAzqFrBZRmD9rD82Li8gwaGlJ5MNUpWgxx1OUXRBUkcV6ULysWP1C9Jinb3yle3YLz/XbNOPVgVtQ==",
      "license": "Apache-2.0"
    },
    "node_modules/@elysiajs/openapi": {
      "version": "1.4.14",
      "resolved": "https://registry.npmjs.org/@elysiajs/openapi/-/openapi-1.4.14.tgz",
      "integrity": "sha512-kWmJWdvP8/LwHwAJXSpz6xFfYUoyUyEPRimEYABuDU1rOnS27Da1u9T2jyU7frOopxKWV/wDfDxMP8z2xdCPJw==",
      "license": "MIT",
      "peerDependencies": {
        "elysia": ">= 1.4.0"
      }
    },
    "node_modules/@envio-dev/hypersync-client": {
      "version": "1.1.0",
      "resolved": "https://registry.npmjs.org/@envio-dev/hypersync-client/-/hypersync-client-1.1.0.tgz",
      "integrity": "sha512-tTCW/fvYPFYIcL6SLcWd5Fe6uPCcXQbLgZaYL3NSvkhvrpw5VSx3M2QbHdpIrhmzoDkZdpIYyFD+pdZhC6Y75g==",
      "license": "MIT",
      "engines": {
        "node": ">= 10"
      },
      "optionalDependencies": {
        "@envio-dev/hypersync-client-darwin-arm64": "1.1.0",
        "@envio-dev/hypersync-client-darwin-x64": "1.1.0",
        "@envio-dev/hypersync-client-linux-arm64-gnu": "1.1.0",
        "@envio-dev/hypersync-client-linux-x64-gnu": "1.1.0",
        "@envio-dev/hypersync-client-linux-x64-musl": "1.1.0"
      }
    },
    "node_modules/@envio-dev/hypersync-client-darwin-arm64": {
      "version": "1.1.0",
      "resolved": "https://registry.npmjs.org/@envio-dev/hypersync-client-darwin-arm64/-/hypersync-client-darwin-arm64-1.1.0.tgz",
      "integrity": "sha512-WO/yxYiN9nz7pHw7xLs/4hnEHQM5OVcTwvtxZTZHox7It3n7aeBzsJfrGYYqYW1bPxDwSYwb6x9l0/fQc59xeA==",
      "cpu": [
        "arm64"
      ],
      "license": "MIT",
      "optional": true,
      "os": [
        "darwin"
      ],
      "engines": {
        "node": ">= 10"
      }
    },
    "node_modules/@envio-dev/hypersync-client-darwin-x64": {
      "version": "1.1.0",
      "resolved": "https://registry.npmjs.org/@envio-dev/hypersync-client-darwin-x64/-/hypersync-client-darwin-x64-1.1.0.tgz",
      "integrity": "sha512-BOD4gaZ6NAyLDDVgfIhpD25ikjEQpTXNBqbIYuTjWS1D0NiQD5mmyZCFcSMmaJJ0j4iobBQV1LMiNX8nDLahPA==",
      "cpu": [
        "x64"
      ],
      "license": "MIT",
      "optional": true,
      "os": [
        "darwin"
      ],
      "engines": {
        "node": ">= 10"
      }
    },
    "node_modules/@envio-dev/hypersync-client-linux-arm64-gnu": {
      "version": "1.1.0",
      "resolved": "https://registry.npmjs.org/@envio-dev/hypersync-client-linux-arm64-gnu/-/hypersync-client-linux-arm64-gnu-1.1.0.tgz",
      "integrity": "sha512-TDRpAGbfuI4u83Swy50IkGZSMaWXZw/SNC8BiMqLBmYVt1GqFDB1VGrkecf4AhQBPlQk8iDTOxxIKNuOCsY//A==",
      "cpu": [
        "arm64"
      ],
      "license": "MIT",
      "optional": true,
      "os": [
        "linux"
      ],
      "engines": {
        "node": ">= 10"
      }
    },
    "node_modules/@envio-dev/hypersync-client-linux-x64-gnu": {
      "version": "1.1.0",
      "resolved": "https://registry.npmjs.org/@envio-dev/hypersync-client-linux-x64-gnu/-/hypersync-client-linux-x64-gnu-1.1.0.tgz",
      "integrity": "sha512-ooOdLfrhq8W3J76pcJDWuXIpu9cTBjZR86XkkHaheDNkYQlBZ7h5oG3IhNTLnooFkih+6+9dfcfOdG4NMmylGA==",
      "cpu": [
        "x64"
      ],
      "license": "MIT",
      "optional": true,
      "os": [
        "linux"
      ],
      "engines": {
        "node": ">= 10"
      }
    },
    "node_modules/@envio-dev/hypersync-client-linux-x64-musl": {
      "version": "1.1.0",
      "resolved": "https://registry.npmjs.org/@envio-dev/hypersync-client-linux-x64-musl/-/hypersync-client-linux-x64-musl-1.1.0.tgz",
      "integrity": "sha512-WS717WyRyTZPRMfYmscRslRIhxWNKzdQR3SLugqQs0z1W7wo58WMufhr5EpzID5/GR10zexz+Y3a4HWMAGiu+Q==",
      "cpu": [
        "x64"
      ],
      "license": "MIT",
      "optional": true,
      "os": [
        "linux"
      ],
      "engines": {
        "node": ">= 10"
      }
    },
    "node_modules/@pinojs/redact": {
      "version": "0.4.0",
      "resolved": "https://registry.npmjs.org/@pinojs/redact/-/redact-0.4.0.tgz",
      "integrity": "sha512-k2ENnmBugE/rzQfEcdWHcCY+/FM3VLzH9cYEsbdsoqrvzAKRhUZeRNhAZvB8OitQJ1TBed3yqWtdjzS6wJKBwg==",
      "license": "MIT"
    },
    "node_modules/@sinclair/typebox": {
      "version": "0.34.48",
      "resolved": "https://registry.npmjs.org/@sinclair/typebox/-/typebox-0.34.48.tgz",
      "integrity": "sha512-kKJTNuK3AQOrgjjotVxMrCn1sUJwM76wMszfq1kdU4uYVJjvEWuFQ6HgvLt4Xz3fSmZlTOxJ/Ie13KnIcWQXFA==",
      "license": "MIT",
      "peer": true
    },
    "node_modules/@tokenizer/inflate": {
      "version": "0.4.1",
      "resolved": "https://registry.npmjs.org/@tokenizer/inflate/-/inflate-0.4.1.tgz",
      "integrity": "sha512-2mAv+8pkG6GIZiF1kNg1jAjh27IDxEPKwdGul3snfztFerfPGI1LjDezZp3i7BElXompqEtPmoPx6c2wgtWsOA==",
      "license": "MIT",
      "peer": true,
      "dependencies": {
        "debug": "^4.4.3",
        "token-types": "^6.1.1"
      },
      "engines": {
        "node": ">=18"
      },
      "funding": {
        "type": "github",
        "url": "https://github.com/sponsors/Borewit"
      }
    },
    "node_modules/@tokenizer/inflate/node_modules/debug": {
      "version": "4.4.3",
      "resolved": "https://registry.npmjs.org/debug/-/debug-4.4.3.tgz",
      "integrity": "sha512-RGwwWnwQvkVfavKVt22FGLw+xYSdzARwm0ru6DhTVA3umU5hZc28V3kO4stgYryrTlLpuvgI9GiijltAjNbcqA==",
      "license": "MIT",
      "peer": true,
      "dependencies": {
        "ms": "^2.1.3"
      },
      "engines": {
        "node": ">=6.0"
      },
      "peerDependenciesMeta": {
        "supports-color": {
          "optional": true
        }
      }
    },
    "node_modules/@tokenizer/inflate/node_modules/ms": {
      "version": "2.1.3",
      "resolved": "https://registry.npmjs.org/ms/-/ms-2.1.3.tgz",
      "integrity": "sha512-6FlzubTLZG3J2a/NVCAleEhjzq5oxgHyaCU9yYXvcLsvoVaHJq/s5xXI6/XXP6tz7R9xAOtHnSO/tXtF3WRTlA==",
      "license": "MIT",
      "peer": true
    },
    "node_modules/@tokenizer/token": {
      "version": "0.3.0",
      "resolved": "https://registry.npmjs.org/@tokenizer/token/-/token-0.3.0.tgz",
      "integrity": "sha512-OvjF+z51L3ov0OyAU0duzsYuvO01PH7x4t6DJx+guahgTnBHkhJdG7soQeTSFLWN3efnHyibZ4Z8l2EuWwJN3A==",
      "license": "MIT",
      "peer": true
    },
    "node_modules/@types/bun": {
      "version": "1.3.10",
      "resolved": "https://registry.npmjs.org/@types/bun/-/bun-1.3.10.tgz",
      "integrity": "sha512-0+rlrUrOrTSskibryHbvQkDOWRJwJZqZlxrUs1u4oOoTln8+WIXBPmAuCF35SWB2z4Zl3E84Nl/D0P7803nigQ==",
      "devOptional": true,
      "license": "MIT",
      "dependencies": {
        "bun-types": "1.3.10"
      }
    },
    "node_modules/@types/node": {
      "version": "25.3.5",
      "resolved": "https://registry.npmjs.org/@types/node/-/node-25.3.5.tgz",
      "integrity": "sha512-oX8xrhvpiyRCQkG1MFchB09f+cXftgIXb3a7UUa4Y3wpmZPw5tyZGTLWhlESOLq1Rq6oDlc8npVU2/9xiCuXMA==",
      "devOptional": true,
      "license": "MIT",
      "dependencies": {
        "undici-types": "~7.18.0"
      }
    },
    "node_modules/@typescript/native-preview": {
      "version": "7.0.0-dev.20260306.1",
      "resolved": "https://registry.npmjs.org/@typescript/native-preview/-/native-preview-7.0.0-dev.20260306.1.tgz",
      "integrity": "sha512-4m7cOjtKu+iLazWW5MuJuI2ZZMkQkS42+GxN6FVdja1nL0t47l1wpaTnzUa1Ny9Xa0opIJ7psPAMBKYAPKbCKA==",
      "dev": true,
      "license": "Apache-2.0",
      "bin": {
        "tsgo": "bin/tsgo.js"
      },
      "optionalDependencies": {
        "@typescript/native-preview-darwin-arm64": "7.0.0-dev.20260306.1",
        "@typescript/native-preview-darwin-x64": "7.0.0-dev.20260306.1",
        "@typescript/native-preview-linux-arm": "7.0.0-dev.20260306.1",
        "@typescript/native-preview-linux-arm64": "7.0.0-dev.20260306.1",
        "@typescript/native-preview-linux-x64": "7.0.0-dev.20260306.1",
        "@typescript/native-preview-win32-arm64": "7.0.0-dev.20260306.1",
        "@typescript/native-preview-win32-x64": "7.0.0-dev.20260306.1"
      }
    },
    "node_modules/@typescript/native-preview-darwin-arm64": {
      "version": "7.0.0-dev.20260306.1",
      "resolved": "https://registry.npmjs.org/@typescript/native-preview-darwin-arm64/-/native-preview-darwin-arm64-7.0.0-dev.20260306.1.tgz",
      "integrity": "sha512-4vuh4VlPydMS/nymDzjJIKDk3dntnEEB5UzyJV9mM4kxF5+geFgJih1DTtZS3qVafhHLB3e4l8omtvGftMnb8g==",
      "cpu": [
        "arm64"
      ],
      "dev": true,
      "license": "Apache-2.0",
      "optional": true,
      "os": [
        "darwin"
      ]
    },
    "node_modules/@typescript/native-preview-darwin-x64": {
      "version": "7.0.0-dev.20260306.1",
      "resolved": "https://registry.npmjs.org/@typescript/native-preview-darwin-x64/-/native-preview-darwin-x64-7.0.0-dev.20260306.1.tgz",
      "integrity": "sha512-qxYfv0aM4KCZPEe584KIjT5sO4uR+xdyuQXX5tXbnH1UoksIz7bvJ9KUgRloS/q/ww0f8UjPS2+27LnRA4y7ig==",
      "cpu": [
        "x64"
      ],
      "dev": true,
      "license": "Apache-2.0",
      "optional": true,
      "os": [
        "darwin"
      ]
    },
    "node_modules/@typescript/native-preview-linux-arm": {
      "version": "7.0.0-dev.20260306.1",
      "resolved": "https://registry.npmjs.org/@typescript/native-preview-linux-arm/-/native-preview-linux-arm-7.0.0-dev.20260306.1.tgz",
      "integrity": "sha512-8gRAFx0ExDWHOmphl8mzBrSoGWnLWDU4VpxkPRsWqaJpHVbjr9Yk2QkuJNIaDmF6q44eJmW/huSiObmHTbZ1UQ==",
      "cpu": [
        "arm"
      ],
      "dev": true,
      "license": "Apache-2.0",
      "optional": true,
      "os": [
        "linux"
      ]
    },
    "node_modules/@typescript/native-preview-linux-arm64": {
      "version": "7.0.0-dev.20260306.1",
      "resolved": "https://registry.npmjs.org/@typescript/native-preview-linux-arm64/-/native-preview-linux-arm64-7.0.0-dev.20260306.1.tgz",
      "integrity": "sha512-8G0BKvTkE+eKX1tSnyKeDaf3bWPWY7OI77SMipagCAyYi06v4gxx+IVE3Px7W7kLX2Wqp1MjWDXu2N76wfJtXQ==",
      "cpu": [
        "arm64"
      ],
      "dev": true,
      "license": "Apache-2.0",
      "optional": true,
      "os": [
        "linux"
      ]
    },
    "node_modules/@typescript/native-preview-linux-x64": {
      "version": "7.0.0-dev.20260306.1",
      "resolved": "https://registry.npmjs.org/@typescript/native-preview-linux-x64/-/native-preview-linux-x64-7.0.0-dev.20260306.1.tgz",
      "integrity": "sha512-rsJV3Z9J/zYCEtcqvm+WfLAml3i1OAyMEUn0hja7i8C0kzE+tXKXzsJ0+I1TrSU5O7hHvqlLTvueBoCoM4aL4g==",
      "cpu": [
        "x64"
      ],
      "dev": true,
      "license": "Apache-2.0",
      "optional": true,
      "os": [
        "linux"
      ]
    },
    "node_modules/@typescript/native-preview-win32-arm64": {
      "version": "7.0.0-dev.20260306.1",
      "resolved": "https://registry.npmjs.org/@typescript/native-preview-win32-arm64/-/native-preview-win32-arm64-7.0.0-dev.20260306.1.tgz",
      "integrity": "sha512-US1WsIu9IukaFzM+w8wt0fIAkmk2WtxeVuk8nkbrnH9S3ax39r0J4ikMNZSXEJE0VMxhXJoymzfWxhj3s9yW/Q==",
      "cpu": [
        "arm64"
      ],
      "dev": true,
      "license": "Apache-2.0",
      "optional": true,
      "os": [
        "win32"
      ]
    },
    "node_modules/@typescript/native-preview-win32-x64": {
      "version": "7.0.0-dev.20260306.1",
      "resolved": "https://registry.npmjs.org/@typescript/native-preview-win32-x64/-/native-preview-win32-x64-7.0.0-dev.20260306.1.tgz",
      "integrity": "sha512-MlneT0RWS9Zdb8XoWvHsUgmnMJu6K3S0BXRu5ZgUYjcbQKlkz+Z87aUB8eX8qnDFd9csJcMp3+ZrgQ/LKVGP1g==",
      "cpu": [
        "x64"
      ],
      "dev": true,
      "license": "Apache-2.0",
      "optional": true,
      "os": [
        "win32"
      ]
    },
    "node_modules/arkenv": {
      "version": "0.9.3",
      "resolved": "https://registry.npmjs.org/arkenv/-/arkenv-0.9.3.tgz",
      "integrity": "sha512-DFZy3a1F0ZcaL+A0ugJB8m7IN/uCSDmvCY/kUJK53Oau3EJqf0DizUgSjEYZzv1CR3b3FWXml/sk3mDqWg5+2Q==",
      "license": "MIT",
      "peerDependencies": {
        "arktype": "^2.1.22"
      },
      "peerDependenciesMeta": {
        "arktype": {
          "optional": true
        }
      }
    },
    "node_modules/arkregex": {
      "version": "0.0.5",
      "resolved": "https://registry.npmjs.org/arkregex/-/arkregex-0.0.5.tgz",
      "integrity": "sha512-ncYjBdLlh5/QnVsAA8De16Tc9EqmYM7y/WU9j+236KcyYNUXogpz3sC4ATIZYzzLxwI+0sEOaQLEmLmRleaEXw==",
      "license": "MIT",
      "dependencies": {
        "@ark/util": "0.56.0"
      }
    },
    "node_modules/arktype": {
      "version": "2.2.0",
      "resolved": "https://registry.npmjs.org/arktype/-/arktype-2.2.0.tgz",
      "integrity": "sha512-t54MZ7ti5BhOEvzEkgKnWvqj+UbDfWig+DHr5I34xatymPusKLS0lQpNJd8M6DzmIto2QGszHfNKoFIT8tMCZQ==",
      "license": "MIT",
      "dependencies": {
        "@ark/schema": "0.56.0",
        "@ark/util": "0.56.0",
        "arkregex": "0.0.5"
      }
    },
    "node_modules/atomic-sleep": {
      "version": "1.0.0",
      "resolved": "https://registry.npmjs.org/atomic-sleep/-/atomic-sleep-1.0.0.tgz",
      "integrity": "sha512-kNOjDqAh7px0XWNI+4QbzoiR/nTkHAWNud2uvnJquD1/x5a7EQZMJT0AczqK0Qn67oY/TTQ1LbUKajZpp3I9tQ==",
      "license": "MIT",
      "engines": {
        "node": ">=8.0.0"
      }
    },
    "node_modules/bun-types": {
      "version": "1.3.10",
      "resolved": "https://registry.npmjs.org/bun-types/-/bun-types-1.3.10.tgz",
      "integrity": "sha512-tcpfCCl6XWo6nCVnpcVrxQ+9AYN1iqMIzgrSKYMB/fjLtV2eyAVEg7AxQJuCq/26R6HpKWykQXuSOq/21RYcbg==",
      "devOptional": true,
      "license": "MIT",
      "dependencies": {
        "@types/node": "*"
      }
    },
    "node_modules/cookie": {
      "version": "1.1.1",
      "resolved": "https://registry.npmjs.org/cookie/-/cookie-1.1.1.tgz",
      "integrity": "sha512-ei8Aos7ja0weRpFzJnEA9UHJ/7XQmqglbRwnf2ATjcB9Wq874VKH9kfjjirM6UhU2/E5fFYadylyhFldcqSidQ==",
      "license": "MIT",
      "engines": {
        "node": ">=18"
      },
      "funding": {
        "type": "opencollective",
        "url": "https://opencollective.com/express"
      }
    },
    "node_modules/croner": {
      "version": "10.0.1",
      "resolved": "https://registry.npmjs.org/croner/-/croner-10.0.1.tgz",
      "integrity": "sha512-ixNtAJndqh173VQ4KodSdJEI6nuioBWI0V1ITNKhZZsO0pEMoDxz539T4FTTbSZ/xIOSuDnzxLVRqBVSvPNE2g==",
      "funding": [
        {
          "type": "other",
          "url": "https://paypal.me/hexagonpp"
        },
        {
          "type": "github",
          "url": "https://github.com/sponsors/hexagon"
        }
      ],
      "license": "MIT",
      "engines": {
        "node": ">=18.0"
      }
    },
    "node_modules/debug": {
      "version": "4.3.4",
      "resolved": "https://registry.npmjs.org/debug/-/debug-4.3.4.tgz",
      "integrity": "sha512-PRWFHuSU3eDtQJPvnNY7Jcket1j0t5OuOsFzPPzsekD52Zl8qUfFIPEiswXqIvHWGVHOgX+7G/vCNNhehwxfkQ==",
      "license": "MIT",
      "dependencies": {
        "ms": "2.1.2"
      },
      "engines": {
        "node": ">=6.0"
      },
      "peerDependenciesMeta": {
        "supports-color": {
          "optional": true
        }
      }
    },
    "node_modules/elysia": {
      "version": "1.4.27",
      "resolved": "https://registry.npmjs.org/elysia/-/elysia-1.4.27.tgz",
      "integrity": "sha512-2UlmNEjPJVA/WZVPYKy+KdsrfFwwNlqSBW1lHz6i2AHc75k7gV4Rhm01kFeotH7PDiHIX2G8X3KnRPc33SGVIg==",
      "license": "MIT",
      "dependencies": {
        "cookie": "^1.1.1",
        "exact-mirror": "^0.2.7",
        "fast-decode-uri-component": "^1.0.1",
        "memoirist": "^0.4.0"
      },
      "peerDependencies": {
        "@sinclair/typebox": ">= 0.34.0 < 1",
        "@types/bun": ">= 1.2.0",
        "exact-mirror": ">= 0.0.9",
        "file-type": ">= 20.0.0",
        "openapi-types": ">= 12.0.0",
        "typescript": ">= 5.0.0"
      },
      "peerDependenciesMeta": {
        "@types/bun": {
          "optional": true
        },
        "typescript": {
          "optional": true
        }
      }
    },
    "node_modules/elysia-logger": {
      "version": "0.5.2",
      "resolved": "https://registry.npmjs.org/elysia-logger/-/elysia-logger-0.5.2.tgz",
      "integrity": "sha512-ZKlp/mv+9HNXqetCIHV4ek6CfzRLAzxae0FRVkJYJigux/w/zl1ZvWmnsA6f+eJmiq0Iply9GKtLi/1ITSFx0A==",
      "license": "MIT",
      "dependencies": {
        "picocolors": "^1.1.1",
        "pino": "^10.1.0"
      },
      "peerDependencies": {
        "elysia": ">=1.0.0"
      }
    },
    "node_modules/elysia-rate-limit": {
      "version": "4.5.0",
      "resolved": "https://registry.npmjs.org/elysia-rate-limit/-/elysia-rate-limit-4.5.0.tgz",
      "integrity": "sha512-nsbl3WLvrGiG/SdTgevAsjCUJhY34Bgf+7bDOYrjTPZyS7Hd4MLuLc4MUr9TFsSJWPvKpzyrX2HW8IWjRbex1Q==",
      "license": "MIT",
      "dependencies": {
        "@alloc/quick-lru": "5.2.0",
        "debug": "4.3.4"
      },
      "peerDependencies": {
        "elysia": ">= 1.0.0"
      }
    },
    "node_modules/eventemitter3": {
      "version": "5.0.4",
      "resolved": "https://registry.npmjs.org/eventemitter3/-/eventemitter3-5.0.4.tgz",
      "integrity": "sha512-mlsTRyGaPBjPedk6Bvw+aqbsXDtoAyAzm5MO7JgU+yVRyMQ5O8bD4Kcci7BS85f93veegeCPkL8R4GLClnjLFw==",
      "license": "MIT"
    },
    "node_modules/exact-mirror": {
      "version": "0.2.7",
      "resolved": "https://registry.npmjs.org/exact-mirror/-/exact-mirror-0.2.7.tgz",
      "integrity": "sha512-+MeEmDcLA4o/vjK2zujgk+1VTxPR4hdp23qLqkWfStbECtAq9gmsvQa3LW6z/0GXZyHJobrCnmy1cdeE7BjsYg==",
      "license": "MIT",
      "peerDependencies": {
        "@sinclair/typebox": "^0.34.15"
      },
      "peerDependenciesMeta": {
        "@sinclair/typebox": {
          "optional": true
        }
      }
    },
    "node_modules/fast-decode-uri-component": {
      "version": "1.0.1",
      "resolved": "https://registry.npmjs.org/fast-decode-uri-component/-/fast-decode-uri-component-1.0.1.tgz",
      "integrity": "sha512-WKgKWg5eUxvRZGwW8FvfbaH7AXSh2cL+3j5fMGzUMCxWBJ3dV3a7Wz8y2f/uQ0e3B6WmodD3oS54jTQ9HVTIIg==",
      "license": "MIT"
    },
    "node_modules/file-type": {
      "version": "21.3.0",
      "resolved": "https://registry.npmjs.org/file-type/-/file-type-21.3.0.tgz",
      "integrity": "sha512-8kPJMIGz1Yt/aPEwOsrR97ZyZaD1Iqm8PClb1nYFclUCkBi0Ma5IsYNQzvSFS9ib51lWyIw5mIT9rWzI/xjpzA==",
      "license": "MIT",
      "peer": true,
      "dependencies": {
        "@tokenizer/inflate": "^0.4.1",
        "strtok3": "^10.3.4",
        "token-types": "^6.1.1",
        "uint8array-extras": "^1.4.0"
      },
      "engines": {
        "node": ">=20"
      },
      "funding": {
        "url": "https://github.com/sindresorhus/file-type?sponsor=1"
      }
    },
    "node_modules/ieee754": {
      "version": "1.2.1",
      "resolved": "https://registry.npmjs.org/ieee754/-/ieee754-1.2.1.tgz",
      "integrity": "sha512-dcyqhDvX1C46lXZcVqCpK+FtMRQVdIMN6/Df5js2zouUsqG7I6sFxitIC+7KYK29KdXOLHdu9zL4sFnoVQnqaA==",
      "funding": [
        {
          "type": "github",
          "url": "https://github.com/sponsors/feross"
        },
        {
          "type": "patreon",
          "url": "https://www.patreon.com/feross"
        },
        {
          "type": "consulting",
          "url": "https://feross.org/support"
        }
      ],
      "license": "BSD-3-Clause",
      "peer": true
    },
    "node_modules/lefthook": {
      "version": "2.1.2",
      "resolved": "https://registry.npmjs.org/lefthook/-/lefthook-2.1.2.tgz",
      "integrity": "sha512-HdAMl4g47kbWSkrUkCx3Kucq54omFS6piMJtXwXNtmCAfB40UaybTJuYtFW4hNzZ5SvaEimtxTp7P/MNIkEfsA==",
      "dev": true,
      "hasInstallScript": true,
      "license": "MIT",
      "bin": {
        "lefthook": "bin/index.js"
      },
      "optionalDependencies": {
        "lefthook-darwin-arm64": "2.1.2",
        "lefthook-darwin-x64": "2.1.2",
        "lefthook-freebsd-arm64": "2.1.2",
        "lefthook-freebsd-x64": "2.1.2",
        "lefthook-linux-arm64": "2.1.2",
        "lefthook-linux-x64": "2.1.2",
        "lefthook-openbsd-arm64": "2.1.2",
        "lefthook-openbsd-x64": "2.1.2",
        "lefthook-windows-arm64": "2.1.2",
        "lefthook-windows-x64": "2.1.2"
      }
    },
    "node_modules/lefthook-darwin-arm64": {
      "version": "2.1.2",
      "resolved": "https://registry.npmjs.org/lefthook-darwin-arm64/-/lefthook-darwin-arm64-2.1.2.tgz",
      "integrity": "sha512-AgHu93YuJtj1l9bcKlCbo4Tg8N8xFl9iD6BjXCGaGMu46LSjFiXbJFlkUdpgrL8fIbwoCjJi5FNp3POpqs4Wdw==",
      "cpu": [
        "arm64"
      ],
      "dev": true,
      "license": "MIT",
      "optional": true,
      "os": [
        "darwin"
      ]
    },
    "node_modules/lefthook-darwin-x64": {
      "version": "2.1.2",
      "resolved": "https://registry.npmjs.org/lefthook-darwin-x64/-/lefthook-darwin-x64-2.1.2.tgz",
      "integrity": "sha512-exooc9Ectz13OLJJOXM9AzaFQbqzf9QCF8JuVvGfbr4RYABYK+BwwtydjlPQrA76/n/h4tsS11MH5bBULnLkYA==",
      "cpu": [
        "x64"
      ],
      "dev": true,
      "license": "MIT",
      "optional": true,
      "os": [
        "darwin"
      ]
    },
    "node_modules/lefthook-freebsd-arm64": {
      "version": "2.1.2",
      "resolved": "https://registry.npmjs.org/lefthook-freebsd-arm64/-/lefthook-freebsd-arm64-2.1.2.tgz",
      "integrity": "sha512-E1QMlJPEU21n9eewv6ePfh+JmoTSg5R1jaYcKCky10kfbMdohNucI3xV91F2LcerE+p3UejKDqr/1wWO2RMGeQ==",
      "cpu": [
        "arm64"
      ],
      "dev": true,
      "license": "MIT",
      "optional": true,
      "os": [
        "freebsd"
      ]
    },
    "node_modules/lefthook-freebsd-x64": {
      "version": "2.1.2",
      "resolved": "https://registry.npmjs.org/lefthook-freebsd-x64/-/lefthook-freebsd-x64-2.1.2.tgz",
      "integrity": "sha512-/5zp+x8055Thj46x9S7hgnneZxvWhHQvPWkkgISCab1Lh6eLrbxvhE1qTb1lU3DqTnNmH9NeXdq1xPHc9uGluA==",
      "cpu": [
        "x64"
      ],
      "dev": true,
      "license": "MIT",
      "optional": true,
      "os": [
        "freebsd"
      ]
    },
    "node_modules/lefthook-linux-arm64": {
      "version": "2.1.2",
      "resolved": "https://registry.npmjs.org/lefthook-linux-arm64/-/lefthook-linux-arm64-2.1.2.tgz",
      "integrity": "sha512-UK5FvDTkwKO7tOznY8iEZzuTsM1jXMZAG5BMRs7olN1k1K6m2unR6oKABP0hCd0wDErK6DZKDJDJfB564Rzqtw==",
      "cpu": [
        "arm64"
      ],
      "dev": true,
      "license": "MIT",
      "optional": true,
      "os": [
        "linux"
      ]
    },
    "node_modules/lefthook-linux-x64": {
      "version": "2.1.2",
      "resolved": "https://registry.npmjs.org/lefthook-linux-x64/-/lefthook-linux-x64-2.1.2.tgz",
      "integrity": "sha512-4eOtz4PNh8GbJ+nA8YVDfW/eMirQWdZqMP/V/MVtoVBGobf6oXvvuDOySvAPOgNYEFN0Boegytmuji/851Vstg==",
      "cpu": [
        "x64"
      ],
      "dev": true,
      "license": "MIT",
      "optional": true,
      "os": [
        "linux"
      ]
    },
    "node_modules/lefthook-openbsd-arm64": {
      "version": "2.1.2",
      "resolved": "https://registry.npmjs.org/lefthook-openbsd-arm64/-/lefthook-openbsd-arm64-2.1.2.tgz",
      "integrity": "sha512-lJXRJ6iJIBKwomuNBA3CUNSclj2/rKuxGAQoUra214B92VB6jL9zaY5YEs6h/ie9jQrzSnllEeg7xyDIsuVCrQ==",
      "cpu": [
        "arm64"
      ],
      "dev": true,
      "license": "MIT",
      "optional": true,
      "os": [
        "openbsd"
      ]
    },
    "node_modules/lefthook-openbsd-x64": {
      "version": "2.1.2",
      "resolved": "https://registry.npmjs.org/lefthook-openbsd-x64/-/lefthook-openbsd-x64-2.1.2.tgz",
      "integrity": "sha512-GyOje4W0DIqkmR7/Of5D+mZ0vWqMvtGAVedtJR6d1239xNeMzCS8Q+/a3O1xigceZa5xhlqq0BWlssB/QYPQnA==",
      "cpu": [
        "x64"
      ],
      "dev": true,
      "license": "MIT",
      "optional": true,
      "os": [
        "openbsd"
      ]
    },
    "node_modules/lefthook-windows-arm64": {
      "version": "2.1.2",
      "resolved": "https://registry.npmjs.org/lefthook-windows-arm64/-/lefthook-windows-arm64-2.1.2.tgz",
      "integrity": "sha512-MZKMqTULEpX/8N3fKXAR0A9RjsGKkEEY0japLqrHOIpxsJXry1DRz0FvQo2kkY4WW3rtFegV9m6eesOymuDrUg==",
      "cpu": [
        "arm64"
      ],
      "dev": true,
      "license": "MIT",
      "optional": true,
      "os": [
        "win32"
      ]
    },
    "node_modules/lefthook-windows-x64": {
      "version": "2.1.2",
      "resolved": "https://registry.npmjs.org/lefthook-windows-x64/-/lefthook-windows-x64-2.1.2.tgz",
      "integrity": "sha512-NZUgObuaSxc0EXAwC/CzkMf7TuQc++GGIk6TLPdaUpoSsNSJSZEwBVz5DtFB1cG+eMkfO/wOKplls+yjimTTtQ==",
      "cpu": [
        "x64"
      ],
      "dev": true,
      "license": "MIT",
      "optional": true,
      "os": [
        "win32"
      ]
    },
    "node_modules/memoirist": {
      "version": "0.4.0",
      "resolved": "https://registry.npmjs.org/memoirist/-/memoirist-0.4.0.tgz",
      "integrity": "sha512-zxTgA0mSYELa66DimuNQDvyLq36AwDlTuVRbnQtB+VuTcKWm5Qc4z3WkSpgsFWHNhexqkIooqpv4hdcqrX5Nmg==",
      "license": "MIT"
    },
    "node_modules/ms": {
      "version": "2.1.2",
      "resolved": "https://registry.npmjs.org/ms/-/ms-2.1.2.tgz",
      "integrity": "sha512-sGkPx+VjMtmA6MX27oA4FBFELFCZZ4S4XqeGOXCv68tT+jb3vk/RyaKWP0PTKyWtmLSM0b+adUTEvbs1PEaH2w==",
      "license": "MIT"
    },
    "node_modules/on-exit-leak-free": {
      "version": "2.1.2",
      "resolved": "https://registry.npmjs.org/on-exit-leak-free/-/on-exit-leak-free-2.1.2.tgz",
      "integrity": "sha512-0eJJY6hXLGf1udHwfNftBqH+g73EU4B504nZeKpz1sYRKafAghwxEJunB2O7rDZkL4PGfsMVnTXZ2EjibbqcsA==",
      "license": "MIT",
      "engines": {
        "node": ">=14.0.0"
      }
    },
    "node_modules/openapi-types": {
      "version": "12.1.3",
      "resolved": "https://registry.npmjs.org/openapi-types/-/openapi-types-12.1.3.tgz",
      "integrity": "sha512-N4YtSYJqghVu4iek2ZUvcN/0aqH1kRDuNqzcycDxhOUpg7GdvLa2F3DgS6yBNhInhv2r/6I0Flkn7CqL8+nIcw==",
      "license": "MIT",
      "peer": true
    },
    "node_modules/p-queue": {
      "version": "9.1.0",
      "resolved": "https://registry.npmjs.org/p-queue/-/p-queue-9.1.0.tgz",
      "integrity": "sha512-O/ZPaXuQV29uSLbxWBGGZO1mCQXV2BLIwUr59JUU9SoH76mnYvtms7aafH/isNSNGwuEfP6W/4xD0/TJXxrizw==",
      "license": "MIT",
      "dependencies": {
        "eventemitter3": "^5.0.1",
        "p-timeout": "^7.0.0"
      },
      "engines": {
        "node": ">=20"
      },
      "funding": {
        "url": "https://github.com/sponsors/sindresorhus"
      }
    },
    "node_modules/p-timeout": {
      "version": "7.0.1",
      "resolved": "https://registry.npmjs.org/p-timeout/-/p-timeout-7.0.1.tgz",
      "integrity": "sha512-AxTM2wDGORHGEkPCt8yqxOTMgpfbEHqF51f/5fJCmwFC3C/zNcGT63SymH2ttOAaiIws2zVg4+izQCjrakcwHg==",
      "license": "MIT",
      "engines": {
        "node": ">=20"
      },
      "funding": {
        "url": "https://github.com/sponsors/sindresorhus"
      }
    },
    "node_modules/picocolors": {
      "version": "1.1.1",
      "resolved": "https://registry.npmjs.org/picocolors/-/picocolors-1.1.1.tgz",
      "integrity": "sha512-xceH2snhtb5M9liqDsmEw56le376mTZkEX/jEb/RxNFyegNul7eNslCXP9FDj/Lcu0X8KEyMceP2ntpaHrDEVA==",
      "license": "ISC"
    },
    "node_modules/pino": {
      "version": "10.3.1",
      "resolved": "https://registry.npmjs.org/pino/-/pino-10.3.1.tgz",
      "integrity": "sha512-r34yH/GlQpKZbU1BvFFqOjhISRo1MNx1tWYsYvmj6KIRHSPMT2+yHOEb1SG6NMvRoHRF0a07kCOox/9yakl1vg==",
      "license": "MIT",
      "dependencies": {
        "@pinojs/redact": "^0.4.0",
        "atomic-sleep": "^1.0.0",
        "on-exit-leak-free": "^2.1.0",
        "pino-abstract-transport": "^3.0.0",
        "pino-std-serializers": "^7.0.0",
        "process-warning": "^5.0.0",
        "quick-format-unescaped": "^4.0.3",
        "real-require": "^0.2.0",
        "safe-stable-stringify": "^2.3.1",
        "sonic-boom": "^4.0.1",
        "thread-stream": "^4.0.0"
      },
      "bin": {
        "pino": "bin.js"
      }
    },
    "node_modules/pino-abstract-transport": {
      "version": "3.0.0",
      "resolved": "https://registry.npmjs.org/pino-abstract-transport/-/pino-abstract-transport-3.0.0.tgz",
      "integrity": "sha512-wlfUczU+n7Hy/Ha5j9a/gZNy7We5+cXp8YL+X+PG8S0KXxw7n/JXA3c46Y0zQznIJ83URJiwy7Lh56WLokNuxg==",
      "license": "MIT",
      "dependencies": {
        "split2": "^4.0.0"
      }
    },
    "node_modules/pino-std-serializers": {
      "version": "7.1.0",
      "resolved": "https://registry.npmjs.org/pino-std-serializers/-/pino-std-serializers-7.1.0.tgz",
      "integrity": "sha512-BndPH67/JxGExRgiX1dX0w1FvZck5Wa4aal9198SrRhZjH3GxKQUKIBnYJTdj2HDN3UQAS06HlfcSbQj2OHmaw==",
      "license": "MIT"
    },
    "node_modules/process-warning": {
      "version": "5.0.0",
      "resolved": "https://registry.npmjs.org/process-warning/-/process-warning-5.0.0.tgz",
      "integrity": "sha512-a39t9ApHNx2L4+HBnQKqxxHNs1r7KF+Intd8Q/g1bUh6q0WIp9voPXJ/x0j+ZL45KF1pJd9+q2jLIRMfvEshkA==",
      "funding": [
        {
          "type": "github",
          "url": "https://github.com/sponsors/fastify"
        },
        {
          "type": "opencollective",
          "url": "https://opencollective.com/fastify"
        }
      ],
      "license": "MIT"
    },
    "node_modules/quick-format-unescaped": {
      "version": "4.0.4",
      "resolved": "https://registry.npmjs.org/quick-format-unescaped/-/quick-format-unescaped-4.0.4.tgz",
      "integrity": "sha512-tYC1Q1hgyRuHgloV/YXs2w15unPVh8qfu/qCTfhTYamaw7fyhumKa2yGpdSo87vY32rIclj+4fWYQXUMs9EHvg==",
      "license": "MIT"
    },
    "node_modules/real-require": {
      "version": "0.2.0",
      "resolved": "https://registry.npmjs.org/real-require/-/real-require-0.2.0.tgz",
      "integrity": "sha512-57frrGM/OCTLqLOAh0mhVA9VBMHd+9U7Zb2THMGdBUoZVOtGbJzjxsYGDJ3A9AYYCP4hn6y1TVbaOfzWtm5GFg==",
      "license": "MIT",
      "engines": {
        "node": ">= 12.13.0"
      }
    },
    "node_modules/safe-stable-stringify": {
      "version": "2.5.0",
      "resolved": "https://registry.npmjs.org/safe-stable-stringify/-/safe-stable-stringify-2.5.0.tgz",
      "integrity": "sha512-b3rppTKm9T+PsVCBEOUR46GWI7fdOs00VKZ1+9c1EWDaDMvjQc6tUwuFyIprgGgTcWoVHSKrU8H31ZHA2e0RHA==",
      "license": "MIT",
      "engines": {
        "node": ">=10"
      }
    },
    "node_modules/sonic-boom": {
      "version": "4.2.1",
      "resolved": "https://registry.npmjs.org/sonic-boom/-/sonic-boom-4.2.1.tgz",
      "integrity": "sha512-w6AxtubXa2wTXAUsZMMWERrsIRAdrK0Sc+FUytWvYAhBJLyuI4llrMIC1DtlNSdI99EI86KZum2MMq3EAZlF9Q==",
      "license": "MIT",
      "dependencies": {
        "atomic-sleep": "^1.0.0"
      }
    },
    "node_modules/split2": {
      "version": "4.2.0",
      "resolved": "https://registry.npmjs.org/split2/-/split2-4.2.0.tgz",
      "integrity": "sha512-UcjcJOWknrNkF6PLX83qcHM6KHgVKNkV62Y8a5uYDVv9ydGQVwAHMKqHdJje1VTWpljG0WYpCDhrCdAOYH4TWg==",
      "license": "ISC",
      "engines": {
        "node": ">= 10.x"
      }
    },
    "node_modules/strtok3": {
      "version": "10.3.4",
      "resolved": "https://registry.npmjs.org/strtok3/-/strtok3-10.3.4.tgz",
      "integrity": "sha512-KIy5nylvC5le1OdaaoCJ07L+8iQzJHGH6pWDuzS+d07Cu7n1MZ2x26P8ZKIWfbK02+XIL8Mp4RkWeqdUCrDMfg==",
      "license": "MIT",
      "peer": true,
      "dependencies": {
        "@tokenizer/token": "^0.3.0"
      },
      "engines": {
        "node": ">=18"
      },
      "funding": {
        "type": "github",
        "url": "https://github.com/sponsors/Borewit"
      }
    },
    "node_modules/thread-stream": {
      "version": "4.0.0",
      "resolved": "https://registry.npmjs.org/thread-stream/-/thread-stream-4.0.0.tgz",
      "integrity": "sha512-4iMVL6HAINXWf1ZKZjIPcz5wYaOdPhtO8ATvZ+Xqp3BTdaqtAwQkNmKORqcIo5YkQqGXq5cwfswDwMqqQNrpJA==",
      "license": "MIT",
      "dependencies": {
        "real-require": "^0.2.0"
      },
      "engines": {
        "node": ">=20"
      }
    },
    "node_modules/token-types": {
      "version": "6.1.2",
      "resolved": "https://registry.npmjs.org/token-types/-/token-types-6.1.2.tgz",
      "integrity": "sha512-dRXchy+C0IgK8WPC6xvCHFRIWYUbqqdEIKPaKo/AcTUNzwLTK6AH7RjdLWsEZcAN/TBdtfUw3PYEgPr5VPr6ww==",
      "license": "MIT",
      "peer": true,
      "dependencies": {
        "@borewit/text-codec": "^0.2.1",
        "@tokenizer/token": "^0.3.0",
        "ieee754": "^1.2.1"
      },
      "engines": {
        "node": ">=14.16"
      },
      "funding": {
        "type": "github",
        "url": "https://github.com/sponsors/Borewit"
      }
    },
    "node_modules/uint8array-extras": {
      "version": "1.5.0",
      "resolved": "https://registry.npmjs.org/uint8array-extras/-/uint8array-extras-1.5.0.tgz",
      "integrity": "sha512-rvKSBiC5zqCCiDZ9kAOszZcDvdAHwwIKJG33Ykj43OKcWsnmcBRL09YTU4nOeHZ8Y2a7l1MgTd08SBe9A8Qj6A==",
      "license": "MIT",
      "peer": true,
      "engines": {
        "node": ">=18"
      },
      "funding": {
        "url": "https://github.com/sponsors/sindresorhus"
      }
    },
    "node_modules/undici-types": {
      "version": "7.18.2",
      "resolved": "https://registry.npmjs.org/undici-types/-/undici-types-7.18.2.tgz",
      "integrity": "sha512-AsuCzffGHJybSaRrmr5eHr81mwJU3kjw6M+uprWvCXiNeN9SOGwQ3Jn8jb8m3Z6izVgknn1R0FTCEAP2QrLY/w==",
      "devOptional": true,
      "license": "MIT"
    }
  }
}
